// !$*UTF8*$!
{
	archiveVersion = 1;
	classes = {
	};
	objectVersion = 56;
	objects = {

/* Begin PBXBuildFile section */
		02116D172A3A6008005F2C6F /* Assets.xcassets in Resources */ = {isa = PBXBuildFile; fileRef = 02116D162A3A6008005F2C6F /* Assets.xcassets */; };
		02116D182A3A6089005F2C6F /* Assets.xcassets in Resources */ = {isa = PBXBuildFile; fileRef = 02116D162A3A6008005F2C6F /* Assets.xcassets */; };
		5FC9A0F80D870DCD16BAF383 /* Pods_WireCharacter.framework in Frameworks */ = {isa = PBXBuildFile; fileRef = C6E6DD2FBA70A4D5FAD80CF0 /* Pods_WireCharacter.framework */; };
		80A71C112A38F601004B0952 /* AppDelegate.swift in Sources */ = {isa = PBXBuildFile; fileRef = 80A71C102A38F601004B0952 /* AppDelegate.swift */; };
		80A71C132A38F601004B0952 /* SceneDelegate.swift in Sources */ = {isa = PBXBuildFile; fileRef = 80A71C122A38F601004B0952 /* SceneDelegate.swift */; };
		80A71C152A38F601004B0952 /* ViewController.swift in Sources */ = {isa = PBXBuildFile; fileRef = 80A71C142A38F601004B0952 /* ViewController.swift */; };
		80A71C1D2A38F603004B0952 /* LaunchScreen.storyboard in Resources */ = {isa = PBXBuildFile; fileRef = 80A71C1B2A38F603004B0952 /* LaunchScreen.storyboard */; };
		80A71C382A38FC34004B0952 /* CharacterListViewController.swift in Sources */ = {isa = PBXBuildFile; fileRef = 80A71C2E2A38FAFF004B0952 /* CharacterListViewController.swift */; };
		80A71C392A38FC37004B0952 /* CharacterListViewModel.swift in Sources */ = {isa = PBXBuildFile; fileRef = 80A71C2F2A38FAFF004B0952 /* CharacterListViewModel.swift */; };
		80A71C3A2A38FC3A004B0952 /* CharacterListTBCell.swift in Sources */ = {isa = PBXBuildFile; fileRef = 80A71C312A38FAFF004B0952 /* CharacterListTBCell.swift */; };
		80A71C3B2A38FC3F004B0952 /* CharacterListTBCell.xib in Resources */ = {isa = PBXBuildFile; fileRef = 80A71C322A38FAFF004B0952 /* CharacterListTBCell.xib */; };
		80A71C3C2A38FC42004B0952 /* CharacterListViewController.xib in Resources */ = {isa = PBXBuildFile; fileRef = 80A71C332A38FAFF004B0952 /* CharacterListViewController.xib */; };
		80A71C3D2A38FC46004B0952 /* CharacterDetailViewController.swift in Sources */ = {isa = PBXBuildFile; fileRef = 80A71C352A38FAFF004B0952 /* CharacterDetailViewController.swift */; };
		80A71C3E2A38FC49004B0952 /* CharacterDetailViewController.xib in Resources */ = {isa = PBXBuildFile; fileRef = 80A71C362A38FAFF004B0952 /* CharacterDetailViewController.xib */; };
		80A71C3F2A38FC4B004B0952 /* CharacterDetailViewModel.swift in Sources */ = {isa = PBXBuildFile; fileRef = 80A71C372A38FAFF004B0952 /* CharacterDetailViewModel.swift */; };
		80A71C402A38FCBA004B0952 /* CharacterModel.swift in Sources */ = {isa = PBXBuildFile; fileRef = 80A71C262A38FAFF004B0952 /* CharacterModel.swift */; };
		80A71C412A38FCBD004B0952 /* NetworkManager.swift in Sources */ = {isa = PBXBuildFile; fileRef = 80A71C282A38FAFF004B0952 /* NetworkManager.swift */; };
		80A71C422A38FCC1004B0952 /* Environment.swift in Sources */ = {isa = PBXBuildFile; fileRef = 80A71C2A2A38FAFF004B0952 /* Environment.swift */; };
		80A71C432A38FCC3004B0952 /* NetworkError.swift in Sources */ = {isa = PBXBuildFile; fileRef = 80A71C2B2A38FAFF004B0952 /* NetworkError.swift */; };
		80A71C482A39078A004B0952 /* CharacterListViewController.swift in Sources */ = {isa = PBXBuildFile; fileRef = 80A71C2E2A38FAFF004B0952 /* CharacterListViewController.swift */; };
		80A71C492A39078A004B0952 /* ViewController.swift in Sources */ = {isa = PBXBuildFile; fileRef = 80A71C142A38F601004B0952 /* ViewController.swift */; };
		80A71C4A2A39078A004B0952 /* NetworkManager.swift in Sources */ = {isa = PBXBuildFile; fileRef = 80A71C282A38FAFF004B0952 /* NetworkManager.swift */; };
		80A71C4B2A39078A004B0952 /* AppDelegate.swift in Sources */ = {isa = PBXBuildFile; fileRef = 80A71C102A38F601004B0952 /* AppDelegate.swift */; };
		80A71C4C2A39078A004B0952 /* CharacterListTBCell.swift in Sources */ = {isa = PBXBuildFile; fileRef = 80A71C312A38FAFF004B0952 /* CharacterListTBCell.swift */; };
		80A71C4D2A39078A004B0952 /* CharacterDetailViewController.swift in Sources */ = {isa = PBXBuildFile; fileRef = 80A71C352A38FAFF004B0952 /* CharacterDetailViewController.swift */; };
		80A71C4E2A39078A004B0952 /* CharacterDetailViewModel.swift in Sources */ = {isa = PBXBuildFile; fileRef = 80A71C372A38FAFF004B0952 /* CharacterDetailViewModel.swift */; };
		80A71C4F2A39078A004B0952 /* Environment.swift in Sources */ = {isa = PBXBuildFile; fileRef = 80A71C2A2A38FAFF004B0952 /* Environment.swift */; };
		80A71C502A39078A004B0952 /* CharacterModel.swift in Sources */ = {isa = PBXBuildFile; fileRef = 80A71C262A38FAFF004B0952 /* CharacterModel.swift */; };
		80A71C512A39078A004B0952 /* NetworkError.swift in Sources */ = {isa = PBXBuildFile; fileRef = 80A71C2B2A38FAFF004B0952 /* NetworkError.swift */; };
		80A71C522A39078A004B0952 /* CharacterListViewModel.swift in Sources */ = {isa = PBXBuildFile; fileRef = 80A71C2F2A38FAFF004B0952 /* CharacterListViewModel.swift */; };
		80A71C532A39078A004B0952 /* SceneDelegate.swift in Sources */ = {isa = PBXBuildFile; fileRef = 80A71C122A38F601004B0952 /* SceneDelegate.swift */; };
		80A71C572A39078A004B0952 /* LaunchScreen.storyboard in Resources */ = {isa = PBXBuildFile; fileRef = 80A71C1B2A38F603004B0952 /* LaunchScreen.storyboard */; };
		80A71C582A39078A004B0952 /* CharacterListTBCell.xib in Resources */ = {isa = PBXBuildFile; fileRef = 80A71C322A38FAFF004B0952 /* CharacterListTBCell.xib */; };
		80A71C592A39078A004B0952 /* CharacterListViewController.xib in Resources */ = {isa = PBXBuildFile; fileRef = 80A71C332A38FAFF004B0952 /* CharacterListViewController.xib */; };
		80A71C5A2A39078A004B0952 /* CharacterDetailViewController.xib in Resources */ = {isa = PBXBuildFile; fileRef = 80A71C362A38FAFF004B0952 /* CharacterDetailViewController.xib */; };
		B57E1B81243C5CD9F0EE77D4 /* Pods_SimpsonCharacter.framework in Frameworks */ = {isa = PBXBuildFile; fileRef = 0468CADE579E2D34E9EB0A45 /* Pods_SimpsonCharacter.framework */; };
/* End PBXBuildFile section */

/* Begin PBXFileReference section */
		02116D162A3A6008005F2C6F /* Assets.xcassets */ = {isa = PBXFileReference; lastKnownFileType = folder.assetcatalog; path = Assets.xcassets; sourceTree = "<group>"; };
		0468CADE579E2D34E9EB0A45 /* Pods_SimpsonCharacter.framework */ = {isa = PBXFileReference; explicitFileType = wrapper.framework; includeInIndex = 0; path = Pods_SimpsonCharacter.framework; sourceTree = BUILT_PRODUCTS_DIR; };
		15F23A0518D64B83AB56CE20 /* Pods-SimpsonCharacter.simpson.xcconfig */ = {isa = PBXFileReference; includeInIndex = 1; lastKnownFileType = text.xcconfig; name = "Pods-SimpsonCharacter.simpson.xcconfig"; path = "Target Support Files/Pods-SimpsonCharacter/Pods-SimpsonCharacter.simpson.xcconfig"; sourceTree = "<group>"; };
		1808DD8ED143A83DB698329A /* Pods-CharactersApp.release.xcconfig */ = {isa = PBXFileReference; includeInIndex = 1; lastKnownFileType = text.xcconfig; name = "Pods-CharactersApp.release.xcconfig"; path = "Target Support Files/Pods-CharactersApp/Pods-CharactersApp.release.xcconfig"; sourceTree = "<group>"; };
		1F497E067212A2C0CF0A8951 /* Pods-WireCharacter.debug.xcconfig */ = {isa = PBXFileReference; includeInIndex = 1; lastKnownFileType = text.xcconfig; name = "Pods-WireCharacter.debug.xcconfig"; path = "Target Support Files/Pods-WireCharacter/Pods-WireCharacter.debug.xcconfig"; sourceTree = "<group>"; };
		206D14442C1F30180F562B30 /* Pods-WireCharacter.release.xcconfig */ = {isa = PBXFileReference; includeInIndex = 1; lastKnownFileType = text.xcconfig; name = "Pods-WireCharacter.release.xcconfig"; path = "Target Support Files/Pods-WireCharacter/Pods-WireCharacter.release.xcconfig"; sourceTree = "<group>"; };
		37E452C1CC42FB88E0388330 /* Pods-WireCharacter.wire.xcconfig */ = {isa = PBXFileReference; includeInIndex = 1; lastKnownFileType = text.xcconfig; name = "Pods-WireCharacter.wire.xcconfig"; path = "Target Support Files/Pods-WireCharacter/Pods-WireCharacter.wire.xcconfig"; sourceTree = "<group>"; };
		3EF904FADCE3720F8FB3EA62 /* Pods-SimpsonCharacter.release.xcconfig */ = {isa = PBXFileReference; includeInIndex = 1; lastKnownFileType = text.xcconfig; name = "Pods-SimpsonCharacter.release.xcconfig"; path = "Target Support Files/Pods-SimpsonCharacter/Pods-SimpsonCharacter.release.xcconfig"; sourceTree = "<group>"; };
		4FA7EB49CE225AEA8EFAAA18 /* Pods-WireCharacter.simpson.xcconfig */ = {isa = PBXFileReference; includeInIndex = 1; lastKnownFileType = text.xcconfig; name = "Pods-WireCharacter.simpson.xcconfig"; path = "Target Support Files/Pods-WireCharacter/Pods-WireCharacter.simpson.xcconfig"; sourceTree = "<group>"; };
		80A71C0D2A38F601004B0952 /* SimpsonCharacter.app */ = {isa = PBXFileReference; explicitFileType = wrapper.application; includeInIndex = 0; path = SimpsonCharacter.app; sourceTree = BUILT_PRODUCTS_DIR; };
		80A71C102A38F601004B0952 /* AppDelegate.swift */ = {isa = PBXFileReference; lastKnownFileType = sourcecode.swift; path = AppDelegate.swift; sourceTree = "<group>"; };
		80A71C122A38F601004B0952 /* SceneDelegate.swift */ = {isa = PBXFileReference; lastKnownFileType = sourcecode.swift; path = SceneDelegate.swift; sourceTree = "<group>"; };
		80A71C142A38F601004B0952 /* ViewController.swift */ = {isa = PBXFileReference; lastKnownFileType = sourcecode.swift; path = ViewController.swift; sourceTree = "<group>"; };
		80A71C1C2A38F603004B0952 /* Base */ = {isa = PBXFileReference; lastKnownFileType = file.storyboard; name = Base; path = Base.lproj/LaunchScreen.storyboard; sourceTree = "<group>"; };
		80A71C1E2A38F603004B0952 /* Info.plist */ = {isa = PBXFileReference; lastKnownFileType = text.plist.xml; path = Info.plist; sourceTree = "<group>"; };
		80A71C262A38FAFF004B0952 /* CharacterModel.swift */ = {isa = PBXFileReference; lastKnownFileType = sourcecode.swift; path = CharacterModel.swift; sourceTree = "<group>"; };
		80A71C282A38FAFF004B0952 /* NetworkManager.swift */ = {isa = PBXFileReference; lastKnownFileType = sourcecode.swift; path = NetworkManager.swift; sourceTree = "<group>"; };
		80A71C2A2A38FAFF004B0952 /* Environment.swift */ = {isa = PBXFileReference; lastKnownFileType = sourcecode.swift; path = Environment.swift; sourceTree = "<group>"; };
		80A71C2B2A38FAFF004B0952 /* NetworkError.swift */ = {isa = PBXFileReference; lastKnownFileType = sourcecode.swift; path = NetworkError.swift; sourceTree = "<group>"; };
		80A71C2E2A38FAFF004B0952 /* CharacterListViewController.swift */ = {isa = PBXFileReference; lastKnownFileType = sourcecode.swift; path = CharacterListViewController.swift; sourceTree = "<group>"; };
		80A71C2F2A38FAFF004B0952 /* CharacterListViewModel.swift */ = {isa = PBXFileReference; lastKnownFileType = sourcecode.swift; path = CharacterListViewModel.swift; sourceTree = "<group>"; };
		80A71C312A38FAFF004B0952 /* CharacterListTBCell.swift */ = {isa = PBXFileReference; lastKnownFileType = sourcecode.swift; path = CharacterListTBCell.swift; sourceTree = "<group>"; };
		80A71C322A38FAFF004B0952 /* CharacterListTBCell.xib */ = {isa = PBXFileReference; lastKnownFileType = file.xib; path = CharacterListTBCell.xib; sourceTree = "<group>"; };
		80A71C332A38FAFF004B0952 /* CharacterListViewController.xib */ = {isa = PBXFileReference; lastKnownFileType = file.xib; path = CharacterListViewController.xib; sourceTree = "<group>"; };
		80A71C352A38FAFF004B0952 /* CharacterDetailViewController.swift */ = {isa = PBXFileReference; lastKnownFileType = sourcecode.swift; path = CharacterDetailViewController.swift; sourceTree = "<group>"; };
		80A71C362A38FAFF004B0952 /* CharacterDetailViewController.xib */ = {isa = PBXFileReference; lastKnownFileType = file.xib; path = CharacterDetailViewController.xib; sourceTree = "<group>"; };
		80A71C372A38FAFF004B0952 /* CharacterDetailViewModel.swift */ = {isa = PBXFileReference; lastKnownFileType = sourcecode.swift; path = CharacterDetailViewModel.swift; sourceTree = "<group>"; };
		80A71C602A39078A004B0952 /* WireCharacter.app */ = {isa = PBXFileReference; explicitFileType = wrapper.application; includeInIndex = 0; path = WireCharacter.app; sourceTree = BUILT_PRODUCTS_DIR; };
		80A71C612A39078A004B0952 /* CharactersApp copy-Info.plist */ = {isa = PBXFileReference; lastKnownFileType = text.plist.xml; name = "CharactersApp copy-Info.plist"; path = "/Users/umair/Desktop/CharactersApp/CharactersApp copy-Info.plist"; sourceTree = "<absolute>"; };
		C228007022A1EB511F114229 /* Pods-CharactersApp.debug.xcconfig */ = {isa = PBXFileReference; includeInIndex = 1; lastKnownFileType = text.xcconfig; name = "Pods-CharactersApp.debug.xcconfig"; path = "Target Support Files/Pods-CharactersApp/Pods-CharactersApp.debug.xcconfig"; sourceTree = "<group>"; };
		C622D3BCE256300279C70F6F /* Pods-SimpsonCharacter.debug.xcconfig */ = {isa = PBXFileReference; includeInIndex = 1; lastKnownFileType = text.xcconfig; name = "Pods-SimpsonCharacter.debug.xcconfig"; path = "Target Support Files/Pods-SimpsonCharacter/Pods-SimpsonCharacter.debug.xcconfig"; sourceTree = "<group>"; };
		C6E6DD2FBA70A4D5FAD80CF0 /* Pods_WireCharacter.framework */ = {isa = PBXFileReference; explicitFileType = wrapper.framework; includeInIndex = 0; path = Pods_WireCharacter.framework; sourceTree = BUILT_PRODUCTS_DIR; };
		F347B691F47C2B46EF0A51AE /* Pods-SimpsonCharacter.wire.xcconfig */ = {isa = PBXFileReference; includeInIndex = 1; lastKnownFileType = text.xcconfig; name = "Pods-SimpsonCharacter.wire.xcconfig"; path = "Target Support Files/Pods-SimpsonCharacter/Pods-SimpsonCharacter.wire.xcconfig"; sourceTree = "<group>"; };
/* End PBXFileReference section */

/* Begin PBXFrameworksBuildPhase section */
		80A71C0A2A38F601004B0952 /* Frameworks */ = {
			isa = PBXFrameworksBuildPhase;
			buildActionMask = 2147483647;
			files = (
				B57E1B81243C5CD9F0EE77D4 /* Pods_SimpsonCharacter.framework in Frameworks */,
			);
			runOnlyForDeploymentPostprocessing = 0;
		};
		80A71C542A39078A004B0952 /* Frameworks */ = {
			isa = PBXFrameworksBuildPhase;
			buildActionMask = 2147483647;
			files = (
				5FC9A0F80D870DCD16BAF383 /* Pods_WireCharacter.framework in Frameworks */,
			);
			runOnlyForDeploymentPostprocessing = 0;
		};
/* End PBXFrameworksBuildPhase section */

/* Begin PBXGroup section */
		4101BB810B3A13C1CB07229D /* Frameworks */ = {
			isa = PBXGroup;
			children = (
				0468CADE579E2D34E9EB0A45 /* Pods_SimpsonCharacter.framework */,
				C6E6DD2FBA70A4D5FAD80CF0 /* Pods_WireCharacter.framework */,
			);
			name = Frameworks;
			sourceTree = "<group>";
		};
		80A71C042A38F601004B0952 = {
			isa = PBXGroup;
			children = (
				80A71C0F2A38F601004B0952 /* CharactersApp */,
				80A71C0E2A38F601004B0952 /* Products */,
				E52DADA2D542F09A58DDE353 /* Pods */,
				4101BB810B3A13C1CB07229D /* Frameworks */,
				80A71C612A39078A004B0952 /* CharactersApp copy-Info.plist */,
			);
			sourceTree = "<group>";
		};
		80A71C0E2A38F601004B0952 /* Products */ = {
			isa = PBXGroup;
			children = (
				80A71C0D2A38F601004B0952 /* SimpsonCharacter.app */,
				80A71C602A39078A004B0952 /* WireCharacter.app */,
			);
			name = Products;
			sourceTree = "<group>";
		};
		80A71C0F2A38F601004B0952 /* CharactersApp */ = {
			isa = PBXGroup;
			children = (
				80A71C102A38F601004B0952 /* AppDelegate.swift */,
				80A71C122A38F601004B0952 /* SceneDelegate.swift */,
				80A71C142A38F601004B0952 /* ViewController.swift */,
				02116D162A3A6008005F2C6F /* Assets.xcassets */,
				80A71C252A38FAFF004B0952 /* Models */,
				80A71C272A38FAFF004B0952 /* Network */,
				80A71C2C2A38FAFF004B0952 /* Views */,
				80A71C1B2A38F603004B0952 /* LaunchScreen.storyboard */,
				80A71C1E2A38F603004B0952 /* Info.plist */,
			);
			path = CharactersApp;
			sourceTree = "<group>";
		};
		80A71C252A38FAFF004B0952 /* Models */ = {
			isa = PBXGroup;
			children = (
				80A71C262A38FAFF004B0952 /* CharacterModel.swift */,
			);
			path = Models;
			sourceTree = "<group>";
		};
		80A71C272A38FAFF004B0952 /* Network */ = {
			isa = PBXGroup;
			children = (
				80A71C282A38FAFF004B0952 /* NetworkManager.swift */,
				80A71C292A38FAFF004B0952 /* NetworkEnvironment */,
				80A71C2B2A38FAFF004B0952 /* NetworkError.swift */,
			);
			path = Network;
			sourceTree = "<group>";
		};
		80A71C292A38FAFF004B0952 /* NetworkEnvironment */ = {
			isa = PBXGroup;
			children = (
				80A71C2A2A38FAFF004B0952 /* Environment.swift */,
			);
			path = NetworkEnvironment;
			sourceTree = "<group>";
		};
		80A71C2C2A38FAFF004B0952 /* Views */ = {
			isa = PBXGroup;
			children = (
				80A71C2D2A38FAFF004B0952 /* CharacterList */,
				80A71C342A38FAFF004B0952 /* CharacterDetail */,
			);
			path = Views;
			sourceTree = "<group>";
		};
		80A71C2D2A38FAFF004B0952 /* CharacterList */ = {
			isa = PBXGroup;
			children = (
				80A71C2E2A38FAFF004B0952 /* CharacterListViewController.swift */,
				80A71C332A38FAFF004B0952 /* CharacterListViewController.xib */,
				80A71C2F2A38FAFF004B0952 /* CharacterListViewModel.swift */,
				80A71C302A38FAFF004B0952 /* Cell */,
			);
			path = CharacterList;
			sourceTree = "<group>";
		};
		80A71C302A38FAFF004B0952 /* Cell */ = {
			isa = PBXGroup;
			children = (
				80A71C312A38FAFF004B0952 /* CharacterListTBCell.swift */,
				80A71C322A38FAFF004B0952 /* CharacterListTBCell.xib */,
			);
			path = Cell;
			sourceTree = "<group>";
		};
		80A71C342A38FAFF004B0952 /* CharacterDetail */ = {
			isa = PBXGroup;
			children = (
				80A71C352A38FAFF004B0952 /* CharacterDetailViewController.swift */,
				80A71C362A38FAFF004B0952 /* CharacterDetailViewController.xib */,
				80A71C372A38FAFF004B0952 /* CharacterDetailViewModel.swift */,
			);
			path = CharacterDetail;
			sourceTree = "<group>";
		};
		E52DADA2D542F09A58DDE353 /* Pods */ = {
			isa = PBXGroup;
			children = (
				C228007022A1EB511F114229 /* Pods-CharactersApp.debug.xcconfig */,
				1808DD8ED143A83DB698329A /* Pods-CharactersApp.release.xcconfig */,
				C622D3BCE256300279C70F6F /* Pods-SimpsonCharacter.debug.xcconfig */,
				15F23A0518D64B83AB56CE20 /* Pods-SimpsonCharacter.simpson.xcconfig */,
				F347B691F47C2B46EF0A51AE /* Pods-SimpsonCharacter.wire.xcconfig */,
				3EF904FADCE3720F8FB3EA62 /* Pods-SimpsonCharacter.release.xcconfig */,
				1F497E067212A2C0CF0A8951 /* Pods-WireCharacter.debug.xcconfig */,
				4FA7EB49CE225AEA8EFAAA18 /* Pods-WireCharacter.simpson.xcconfig */,
				37E452C1CC42FB88E0388330 /* Pods-WireCharacter.wire.xcconfig */,
				206D14442C1F30180F562B30 /* Pods-WireCharacter.release.xcconfig */,
			);
			path = Pods;
			sourceTree = "<group>";
		};
/* End PBXGroup section */

/* Begin PBXNativeTarget section */
		80A71C0C2A38F601004B0952 /* SimpsonCharacter */ = {
			isa = PBXNativeTarget;
			buildConfigurationList = 80A71C212A38F603004B0952 /* Build configuration list for PBXNativeTarget "SimpsonCharacter" */;
			buildPhases = (
				C3DF805CEB2DBC9B0345AC42 /* [CP] Check Pods Manifest.lock */,
				80A71C092A38F601004B0952 /* Sources */,
				80A71C0A2A38F601004B0952 /* Frameworks */,
				80A71C0B2A38F601004B0952 /* Resources */,
				C7FBA99A1284CCA3352C3598 /* [CP] Embed Pods Frameworks */,
			);
			buildRules = (
			);
			dependencies = (
			);
			name = SimpsonCharacter;
			productName = CharactersApp;
			productReference = 80A71C0D2A38F601004B0952 /* SimpsonCharacter.app */;
			productType = "com.apple.product-type.application";
		};
		80A71C452A39078A004B0952 /* WireCharacter */ = {
			isa = PBXNativeTarget;
			buildConfigurationList = 80A71C5D2A39078A004B0952 /* Build configuration list for PBXNativeTarget "WireCharacter" */;
			buildPhases = (
				80A71C462A39078A004B0952 /* [CP] Check Pods Manifest.lock */,
				80A71C472A39078A004B0952 /* Sources */,
				80A71C542A39078A004B0952 /* Frameworks */,
				80A71C562A39078A004B0952 /* Resources */,
				80A71C5C2A39078A004B0952 /* [CP] Embed Pods Frameworks */,
			);
			buildRules = (
			);
			dependencies = (
			);
			name = WireCharacter;
			productName = CharactersApp;
			productReference = 80A71C602A39078A004B0952 /* WireCharacter.app */;
			productType = "com.apple.product-type.application";
		};
/* End PBXNativeTarget section */

/* Begin PBXProject section */
		80A71C052A38F601004B0952 /* Project object */ = {
			isa = PBXProject;
			attributes = {
				BuildIndependentTargetsInParallel = 1;
				LastSwiftUpdateCheck = 1420;
				LastUpgradeCheck = 1420;
				TargetAttributes = {
					80A71C0C2A38F601004B0952 = {
						CreatedOnToolsVersion = 14.2;
					};
				};
			};
			buildConfigurationList = 80A71C082A38F601004B0952 /* Build configuration list for PBXProject "CharactersApp" */;
			compatibilityVersion = "Xcode 14.0";
			developmentRegion = en;
			hasScannedForEncodings = 0;
			knownRegions = (
				en,
				Base,
			);
			mainGroup = 80A71C042A38F601004B0952;
			productRefGroup = 80A71C0E2A38F601004B0952 /* Products */;
			projectDirPath = "";
			projectRoot = "";
			targets = (
				80A71C0C2A38F601004B0952 /* SimpsonCharacter */,
				80A71C452A39078A004B0952 /* WireCharacter */,
			);
		};
/* End PBXProject section */

/* Begin PBXResourcesBuildPhase section */
		80A71C0B2A38F601004B0952 /* Resources */ = {
			isa = PBXResourcesBuildPhase;
			buildActionMask = 2147483647;
			files = (
				80A71C1D2A38F603004B0952 /* LaunchScreen.storyboard in Resources */,
				80A71C3B2A38FC3F004B0952 /* CharacterListTBCell.xib in Resources */,
				80A71C3C2A38FC42004B0952 /* CharacterListViewController.xib in Resources */,
				80A71C3E2A38FC49004B0952 /* CharacterDetailViewController.xib in Resources */,
				02116D172A3A6008005F2C6F /* Assets.xcassets in Resources */,
			);
			runOnlyForDeploymentPostprocessing = 0;
		};
		80A71C562A39078A004B0952 /* Resources */ = {
			isa = PBXResourcesBuildPhase;
			buildActionMask = 2147483647;
			files = (
				80A71C572A39078A004B0952 /* LaunchScreen.storyboard in Resources */,
				80A71C582A39078A004B0952 /* CharacterListTBCell.xib in Resources */,
				80A71C592A39078A004B0952 /* CharacterListViewController.xib in Resources */,
				80A71C5A2A39078A004B0952 /* CharacterDetailViewController.xib in Resources */,
				02116D182A3A6089005F2C6F /* Assets.xcassets in Resources */,
			);
			runOnlyForDeploymentPostprocessing = 0;
		};
/* End PBXResourcesBuildPhase section */

/* Begin PBXShellScriptBuildPhase section */
		80A71C462A39078A004B0952 /* [CP] Check Pods Manifest.lock */ = {
			isa = PBXShellScriptBuildPhase;
			buildActionMask = 2147483647;
			files = (
			);
			inputFileListPaths = (
			);
			inputPaths = (
				"${PODS_PODFILE_DIR_PATH}/Podfile.lock",
				"${PODS_ROOT}/Manifest.lock",
			);
			name = "[CP] Check Pods Manifest.lock";
			outputFileListPaths = (
			);
			outputPaths = (
				"$(DERIVED_FILE_DIR)/Pods-WireCharacter-checkManifestLockResult.txt",
			);
			runOnlyForDeploymentPostprocessing = 0;
			shellPath = /bin/sh;
			shellScript = "diff \"${PODS_PODFILE_DIR_PATH}/Podfile.lock\" \"${PODS_ROOT}/Manifest.lock\" > /dev/null\nif [ $? != 0 ] ; then\n    # print error to STDERR\n    echo \"error: The sandbox is not in sync with the Podfile.lock. Run 'pod install' or update your CocoaPods installation.\" >&2\n    exit 1\nfi\n# This output is used by Xcode 'outputs' to avoid re-running this script phase.\necho \"SUCCESS\" > \"${SCRIPT_OUTPUT_FILE_0}\"\n";
			showEnvVarsInLog = 0;
		};
		80A71C5C2A39078A004B0952 /* [CP] Embed Pods Frameworks */ = {
			isa = PBXShellScriptBuildPhase;
			buildActionMask = 2147483647;
			files = (
			);
			inputFileListPaths = (
				"${PODS_ROOT}/Target Support Files/Pods-WireCharacter/Pods-WireCharacter-frameworks-${CONFIGURATION}-input-files.xcfilelist",
			);
			name = "[CP] Embed Pods Frameworks";
			outputFileListPaths = (
				"${PODS_ROOT}/Target Support Files/Pods-WireCharacter/Pods-WireCharacter-frameworks-${CONFIGURATION}-output-files.xcfilelist",
			);
			runOnlyForDeploymentPostprocessing = 0;
			shellPath = /bin/sh;
			shellScript = "\"${PODS_ROOT}/Target Support Files/Pods-WireCharacter/Pods-WireCharacter-frameworks.sh\"\n";
			showEnvVarsInLog = 0;
		};
		C3DF805CEB2DBC9B0345AC42 /* [CP] Check Pods Manifest.lock */ = {
			isa = PBXShellScriptBuildPhase;
			buildActionMask = 2147483647;
			files = (
			);
			inputFileListPaths = (
			);
			inputPaths = (
				"${PODS_PODFILE_DIR_PATH}/Podfile.lock",
				"${PODS_ROOT}/Manifest.lock",
			);
			name = "[CP] Check Pods Manifest.lock";
			outputFileListPaths = (
			);
			outputPaths = (
				"$(DERIVED_FILE_DIR)/Pods-SimpsonCharacter-checkManifestLockResult.txt",
			);
			runOnlyForDeploymentPostprocessing = 0;
			shellPath = /bin/sh;
			shellScript = "diff \"${PODS_PODFILE_DIR_PATH}/Podfile.lock\" \"${PODS_ROOT}/Manifest.lock\" > /dev/null\nif [ $? != 0 ] ; then\n    # print error to STDERR\n    echo \"error: The sandbox is not in sync with the Podfile.lock. Run 'pod install' or update your CocoaPods installation.\" >&2\n    exit 1\nfi\n# This output is used by Xcode 'outputs' to avoid re-running this script phase.\necho \"SUCCESS\" > \"${SCRIPT_OUTPUT_FILE_0}\"\n";
			showEnvVarsInLog = 0;
		};
		C7FBA99A1284CCA3352C3598 /* [CP] Embed Pods Frameworks */ = {
			isa = PBXShellScriptBuildPhase;
			buildActionMask = 2147483647;
			files = (
			);
			inputFileListPaths = (
				"${PODS_ROOT}/Target Support Files/Pods-SimpsonCharacter/Pods-SimpsonCharacter-frameworks-${CONFIGURATION}-input-files.xcfilelist",
			);
			name = "[CP] Embed Pods Frameworks";
			outputFileListPaths = (
				"${PODS_ROOT}/Target Support Files/Pods-SimpsonCharacter/Pods-SimpsonCharacter-frameworks-${CONFIGURATION}-output-files.xcfilelist",
			);
			runOnlyForDeploymentPostprocessing = 0;
			shellPath = /bin/sh;
			shellScript = "\"${PODS_ROOT}/Target Support Files/Pods-SimpsonCharacter/Pods-SimpsonCharacter-frameworks.sh\"\n";
			showEnvVarsInLog = 0;
		};
/* End PBXShellScriptBuildPhase section */

/* Begin PBXSourcesBuildPhase section */
		80A71C092A38F601004B0952 /* Sources */ = {
			isa = PBXSourcesBuildPhase;
			buildActionMask = 2147483647;
			files = (
				80A71C382A38FC34004B0952 /* CharacterListViewController.swift in Sources */,
				80A71C152A38F601004B0952 /* ViewController.swift in Sources */,
				80A71C412A38FCBD004B0952 /* NetworkManager.swift in Sources */,
				80A71C112A38F601004B0952 /* AppDelegate.swift in Sources */,
				80A71C3A2A38FC3A004B0952 /* CharacterListTBCell.swift in Sources */,
				80A71C3D2A38FC46004B0952 /* CharacterDetailViewController.swift in Sources */,
				80A71C3F2A38FC4B004B0952 /* CharacterDetailViewModel.swift in Sources */,
				80A71C422A38FCC1004B0952 /* Environment.swift in Sources */,
				80A71C402A38FCBA004B0952 /* CharacterModel.swift in Sources */,
				80A71C432A38FCC3004B0952 /* NetworkError.swift in Sources */,
				80A71C392A38FC37004B0952 /* CharacterListViewModel.swift in Sources */,
				80A71C132A38F601004B0952 /* SceneDelegate.swift in Sources */,
			);
			runOnlyForDeploymentPostprocessing = 0;
		};
		80A71C472A39078A004B0952 /* Sources */ = {
			isa = PBXSourcesBuildPhase;
			buildActionMask = 2147483647;
			files = (
				80A71C482A39078A004B0952 /* CharacterListViewController.swift in Sources */,
				80A71C492A39078A004B0952 /* ViewController.swift in Sources */,
				80A71C4A2A39078A004B0952 /* NetworkManager.swift in Sources */,
				80A71C4B2A39078A004B0952 /* AppDelegate.swift in Sources */,
				80A71C4C2A39078A004B0952 /* CharacterListTBCell.swift in Sources */,
				80A71C4D2A39078A004B0952 /* CharacterDetailViewController.swift in Sources */,
				80A71C4E2A39078A004B0952 /* CharacterDetailViewModel.swift in Sources */,
				80A71C4F2A39078A004B0952 /* Environment.swift in Sources */,
				80A71C502A39078A004B0952 /* CharacterModel.swift in Sources */,
				80A71C512A39078A004B0952 /* NetworkError.swift in Sources */,
				80A71C522A39078A004B0952 /* CharacterListViewModel.swift in Sources */,
				80A71C532A39078A004B0952 /* SceneDelegate.swift in Sources */,
			);
			runOnlyForDeploymentPostprocessing = 0;
		};
/* End PBXSourcesBuildPhase section */

/* Begin PBXVariantGroup section */
		80A71C1B2A38F603004B0952 /* LaunchScreen.storyboard */ = {
			isa = PBXVariantGroup;
			children = (
				80A71C1C2A38F603004B0952 /* Base */,
			);
			name = LaunchScreen.storyboard;
			sourceTree = "<group>";
		};
/* End PBXVariantGroup section */

/* Begin XCBuildConfiguration section */
		80A71C1F2A38F603004B0952 /* Debug */ = {
			isa = XCBuildConfiguration;
			buildSettings = {
				ALWAYS_SEARCH_USER_PATHS = NO;
				CLANG_ANALYZER_NONNULL = YES;
				CLANG_ANALYZER_NUMBER_OBJECT_CONVERSION = YES_AGGRESSIVE;
				CLANG_CXX_LANGUAGE_STANDARD = "gnu++20";
				CLANG_ENABLE_MODULES = YES;
				CLANG_ENABLE_OBJC_ARC = YES;
				CLANG_ENABLE_OBJC_WEAK = YES;
				CLANG_WARN_BLOCK_CAPTURE_AUTORELEASING = YES;
				CLANG_WARN_BOOL_CONVERSION = YES;
				CLANG_WARN_COMMA = YES;
				CLANG_WARN_CONSTANT_CONVERSION = YES;
				CLANG_WARN_DEPRECATED_OBJC_IMPLEMENTATIONS = YES;
				CLANG_WARN_DIRECT_OBJC_ISA_USAGE = YES_ERROR;
				CLANG_WARN_DOCUMENTATION_COMMENTS = YES;
				CLANG_WARN_EMPTY_BODY = YES;
				CLANG_WARN_ENUM_CONVERSION = YES;
				CLANG_WARN_INFINITE_RECURSION = YES;
				CLANG_WARN_INT_CONVERSION = YES;
				CLANG_WARN_NON_LITERAL_NULL_CONVERSION = YES;
				CLANG_WARN_OBJC_IMPLICIT_RETAIN_SELF = YES;
				CLANG_WARN_OBJC_LITERAL_CONVERSION = YES;
				CLANG_WARN_OBJC_ROOT_CLASS = YES_ERROR;
				CLANG_WARN_QUOTED_INCLUDE_IN_FRAMEWORK_HEADER = YES;
				CLANG_WARN_RANGE_LOOP_ANALYSIS = YES;
				CLANG_WARN_STRICT_PROTOTYPES = YES;
				CLANG_WARN_SUSPICIOUS_MOVE = YES;
				CLANG_WARN_UNGUARDED_AVAILABILITY = YES_AGGRESSIVE;
				CLANG_WARN_UNREACHABLE_CODE = YES;
				CLANG_WARN__DUPLICATE_METHOD_MATCH = YES;
				COPY_PHASE_STRIP = NO;
				DEBUG_INFORMATION_FORMAT = dwarf;
				ENABLE_STRICT_OBJC_MSGSEND = YES;
				ENABLE_TESTABILITY = YES;
				GCC_C_LANGUAGE_STANDARD = gnu11;
				GCC_DYNAMIC_NO_PIC = NO;
				GCC_NO_COMMON_BLOCKS = YES;
				GCC_OPTIMIZATION_LEVEL = 0;
				GCC_PREPROCESSOR_DEFINITIONS = (
					"DEBUG=1",
					"$(inherited)",
				);
				GCC_WARN_64_TO_32_BIT_CONVERSION = YES;
				GCC_WARN_ABOUT_RETURN_TYPE = YES_ERROR;
				GCC_WARN_UNDECLARED_SELECTOR = YES;
				GCC_WARN_UNINITIALIZED_AUTOS = YES_AGGRESSIVE;
				GCC_WARN_UNUSED_FUNCTION = YES;
				GCC_WARN_UNUSED_VARIABLE = YES;
				IPHONEOS_DEPLOYMENT_TARGET = 16.2;
				MTL_ENABLE_DEBUG_INFO = INCLUDE_SOURCE;
				MTL_FAST_MATH = YES;
				ONLY_ACTIVE_ARCH = YES;
				SDKROOT = iphoneos;
				SWIFT_ACTIVE_COMPILATION_CONDITIONS = DEBUG;
				SWIFT_OPTIMIZATION_LEVEL = "-Onone";
			};
			name = Debug;
		};
		80A71C202A38F603004B0952 /* Release */ = {
			isa = XCBuildConfiguration;
			buildSettings = {
				ALWAYS_SEARCH_USER_PATHS = NO;
				CLANG_ANALYZER_NONNULL = YES;
				CLANG_ANALYZER_NUMBER_OBJECT_CONVERSION = YES_AGGRESSIVE;
				CLANG_CXX_LANGUAGE_STANDARD = "gnu++20";
				CLANG_ENABLE_MODULES = YES;
				CLANG_ENABLE_OBJC_ARC = YES;
				CLANG_ENABLE_OBJC_WEAK = YES;
				CLANG_WARN_BLOCK_CAPTURE_AUTORELEASING = YES;
				CLANG_WARN_BOOL_CONVERSION = YES;
				CLANG_WARN_COMMA = YES;
				CLANG_WARN_CONSTANT_CONVERSION = YES;
				CLANG_WARN_DEPRECATED_OBJC_IMPLEMENTATIONS = YES;
				CLANG_WARN_DIRECT_OBJC_ISA_USAGE = YES_ERROR;
				CLANG_WARN_DOCUMENTATION_COMMENTS = YES;
				CLANG_WARN_EMPTY_BODY = YES;
				CLANG_WARN_ENUM_CONVERSION = YES;
				CLANG_WARN_INFINITE_RECURSION = YES;
				CLANG_WARN_INT_CONVERSION = YES;
				CLANG_WARN_NON_LITERAL_NULL_CONVERSION = YES;
				CLANG_WARN_OBJC_IMPLICIT_RETAIN_SELF = YES;
				CLANG_WARN_OBJC_LITERAL_CONVERSION = YES;
				CLANG_WARN_OBJC_ROOT_CLASS = YES_ERROR;
				CLANG_WARN_QUOTED_INCLUDE_IN_FRAMEWORK_HEADER = YES;
				CLANG_WARN_RANGE_LOOP_ANALYSIS = YES;
				CLANG_WARN_STRICT_PROTOTYPES = YES;
				CLANG_WARN_SUSPICIOUS_MOVE = YES;
				CLANG_WARN_UNGUARDED_AVAILABILITY = YES_AGGRESSIVE;
				CLANG_WARN_UNREACHABLE_CODE = YES;
				CLANG_WARN__DUPLICATE_METHOD_MATCH = YES;
				COPY_PHASE_STRIP = NO;
				DEBUG_INFORMATION_FORMAT = "dwarf-with-dsym";
				ENABLE_NS_ASSERTIONS = NO;
				ENABLE_STRICT_OBJC_MSGSEND = YES;
				GCC_C_LANGUAGE_STANDARD = gnu11;
				GCC_NO_COMMON_BLOCKS = YES;
				GCC_WARN_64_TO_32_BIT_CONVERSION = YES;
				GCC_WARN_ABOUT_RETURN_TYPE = YES_ERROR;
				GCC_WARN_UNDECLARED_SELECTOR = YES;
				GCC_WARN_UNINITIALIZED_AUTOS = YES_AGGRESSIVE;
				GCC_WARN_UNUSED_FUNCTION = YES;
				GCC_WARN_UNUSED_VARIABLE = YES;
				IPHONEOS_DEPLOYMENT_TARGET = 16.2;
				MTL_ENABLE_DEBUG_INFO = NO;
				MTL_FAST_MATH = YES;
				SDKROOT = iphoneos;
				SWIFT_COMPILATION_MODE = wholemodule;
				SWIFT_OPTIMIZATION_LEVEL = "-O";
				VALIDATE_PRODUCT = YES;
			};
			name = Release;
		};
		80A71C222A38F603004B0952 /* Debug */ = {
			isa = XCBuildConfiguration;
			baseConfigurationReference = C622D3BCE256300279C70F6F /* Pods-SimpsonCharacter.debug.xcconfig */;
			buildSettings = {
				ASSETCATALOG_COMPILER_APPICON_NAME = AppIcon;
				ASSETCATALOG_COMPILER_GLOBAL_ACCENT_COLOR_NAME = AccentColor;
				CODE_SIGN_STYLE = Automatic;
				CURRENT_PROJECT_VERSION = 1;
				GENERATE_INFOPLIST_FILE = YES;
				INFOPLIST_FILE = CharactersApp/Info.plist;
				INFOPLIST_KEY_CFBundleDisplayName = Simpson;
				INFOPLIST_KEY_UIApplicationSupportsIndirectInputEvents = YES;
				INFOPLIST_KEY_UILaunchStoryboardName = LaunchScreen;
				INFOPLIST_KEY_UISupportedInterfaceOrientations_iPad = "UIInterfaceOrientationPortrait UIInterfaceOrientationPortraitUpsideDown UIInterfaceOrientationLandscapeLeft UIInterfaceOrientationLandscapeRight";
				INFOPLIST_KEY_UISupportedInterfaceOrientations_iPhone = "UIInterfaceOrientationPortrait UIInterfaceOrientationLandscapeLeft UIInterfaceOrientationLandscapeRight";
				LD_RUNPATH_SEARCH_PATHS = (
					"$(inherited)",
					"@executable_path/Frameworks",
				);
				MARKETING_VERSION = 1.0;
				OTHER_SWIFT_FLAGS = "$(inherited) -D SIMPSON";
				PRODUCT_BUNDLE_IDENTIFIER = com.sample.simpsonsviewer;
				PRODUCT_NAME = "$(TARGET_NAME)";
				SWIFT_EMIT_LOC_STRINGS = YES;
				SWIFT_VERSION = 5.0;
				TARGETED_DEVICE_FAMILY = "1,2";
			};
			name = Debug;
		};
		80A71C232A38F603004B0952 /* Release */ = {
			isa = XCBuildConfiguration;
			baseConfigurationReference = 3EF904FADCE3720F8FB3EA62 /* Pods-SimpsonCharacter.release.xcconfig */;
			buildSettings = {
				ASSETCATALOG_COMPILER_APPICON_NAME = AppIcon;
				ASSETCATALOG_COMPILER_GLOBAL_ACCENT_COLOR_NAME = AccentColor;
				CODE_SIGN_STYLE = Automatic;
				CURRENT_PROJECT_VERSION = 1;
				GENERATE_INFOPLIST_FILE = YES;
				INFOPLIST_FILE = CharactersApp/Info.plist;
				INFOPLIST_KEY_CFBundleDisplayName = Simpson;
				INFOPLIST_KEY_UIApplicationSupportsIndirectInputEvents = YES;
				INFOPLIST_KEY_UILaunchStoryboardName = LaunchScreen;
				INFOPLIST_KEY_UISupportedInterfaceOrientations_iPad = "UIInterfaceOrientationPortrait UIInterfaceOrientationPortraitUpsideDown UIInterfaceOrientationLandscapeLeft UIInterfaceOrientationLandscapeRight";
				INFOPLIST_KEY_UISupportedInterfaceOrientations_iPhone = "UIInterfaceOrientationPortrait UIInterfaceOrientationLandscapeLeft UIInterfaceOrientationLandscapeRight";
				LD_RUNPATH_SEARCH_PATHS = (
					"$(inherited)",
					"@executable_path/Frameworks",
				);
				MARKETING_VERSION = 1.0;
				OTHER_SWIFT_FLAGS = "$(inherited) -D SIMPSON";
				PRODUCT_BUNDLE_IDENTIFIER = com.sample.simpsonsviewer;
				PRODUCT_NAME = "$(TARGET_NAME)";
				SWIFT_EMIT_LOC_STRINGS = YES;
				SWIFT_VERSION = 5.0;
				TARGETED_DEVICE_FAMILY = "1,2";
			};
			name = Release;
		};
		80A71C5E2A39078A004B0952 /* Debug */ = {
			isa = XCBuildConfiguration;
			baseConfigurationReference = 1F497E067212A2C0CF0A8951 /* Pods-WireCharacter.debug.xcconfig */;
			buildSettings = {
				ASSETCATALOG_COMPILER_APPICON_NAME = AppIcon;
				ASSETCATALOG_COMPILER_GLOBAL_ACCENT_COLOR_NAME = AccentColor;
				CODE_SIGN_STYLE = Automatic;
				CURRENT_PROJECT_VERSION = 1;
				GENERATE_INFOPLIST_FILE = YES;
				INFOPLIST_FILE = "CharactersApp copy-Info.plist";
				INFOPLIST_KEY_CFBundleDisplayName = WireCharacter;
				INFOPLIST_KEY_UIApplicationSupportsIndirectInputEvents = YES;
				INFOPLIST_KEY_UILaunchStoryboardName = LaunchScreen;
				INFOPLIST_KEY_UISupportedInterfaceOrientations_iPad = "UIInterfaceOrientationPortrait UIInterfaceOrientationPortraitUpsideDown UIInterfaceOrientationLandscapeLeft UIInterfaceOrientationLandscapeRight";
				INFOPLIST_KEY_UISupportedInterfaceOrientations_iPhone = "UIInterfaceOrientationPortrait UIInterfaceOrientationLandscapeLeft UIInterfaceOrientationLandscapeRight";
				LD_RUNPATH_SEARCH_PATHS = (
					"$(inherited)",
					"@executable_path/Frameworks",
				);
				MARKETING_VERSION = 1.0;
				OTHER_SWIFT_FLAGS = "$(inherited) -D WIRE";
				PRODUCT_BUNDLE_IDENTIFIER = com.sample.wireviewer;
				PRODUCT_NAME = "$(TARGET_NAME)";
				SWIFT_EMIT_LOC_STRINGS = YES;
				SWIFT_VERSION = 5.0;
				TARGETED_DEVICE_FAMILY = "1,2";
			};
			name = Debug;
		};
		80A71C5F2A39078A004B0952 /* Release */ = {
			isa = XCBuildConfiguration;
			baseConfigurationReference = 206D14442C1F30180F562B30 /* Pods-WireCharacter.release.xcconfig */;
			buildSettings = {
				ASSETCATALOG_COMPILER_APPICON_NAME = AppIcon;
				ASSETCATALOG_COMPILER_GLOBAL_ACCENT_COLOR_NAME = AccentColor;
				CODE_SIGN_STYLE = Automatic;
				CURRENT_PROJECT_VERSION = 1;
				GENERATE_INFOPLIST_FILE = YES;
				INFOPLIST_FILE = "CharactersApp copy-Info.plist";
				INFOPLIST_KEY_CFBundleDisplayName = WireCharacter;
				INFOPLIST_KEY_UIApplicationSupportsIndirectInputEvents = YES;
				INFOPLIST_KEY_UILaunchStoryboardName = LaunchScreen;
				INFOPLIST_KEY_UISupportedInterfaceOrientations_iPad = "UIInterfaceOrientationPortrait UIInterfaceOrientationPortraitUpsideDown UIInterfaceOrientationLandscapeLeft UIInterfaceOrientationLandscapeRight";
				INFOPLIST_KEY_UISupportedInterfaceOrientations_iPhone = "UIInterfaceOrientationPortrait UIInterfaceOrientationLandscapeLeft UIInterfaceOrientationLandscapeRight";
				LD_RUNPATH_SEARCH_PATHS = (
					"$(inherited)",
					"@executable_path/Frameworks",
				);
				MARKETING_VERSION = 1.0;
				OTHER_SWIFT_FLAGS = "$(inherited) -D WIRE";
				PRODUCT_BUNDLE_IDENTIFIER = com.sample.wireviewer;
				PRODUCT_NAME = "$(TARGET_NAME)";
				SWIFT_EMIT_LOC_STRINGS = YES;
				SWIFT_VERSION = 5.0;
				TARGETED_DEVICE_FAMILY = "1,2";
			};
			name = Release;
		};
		80A71C622A390842004B0952 /* SIMPSON */ = {
			isa = XCBuildConfiguration;
			buildSettings = {
				ALWAYS_SEARCH_USER_PATHS = NO;
				CLANG_ANALYZER_NONNULL = YES;
				CLANG_ANALYZER_NUMBER_OBJECT_CONVERSION = YES_AGGRESSIVE;
				CLANG_CXX_LANGUAGE_STANDARD = "gnu++20";
				CLANG_ENABLE_MODULES = YES;
				CLANG_ENABLE_OBJC_ARC = YES;
				CLANG_ENABLE_OBJC_WEAK = YES;
				CLANG_WARN_BLOCK_CAPTURE_AUTORELEASING = YES;
				CLANG_WARN_BOOL_CONVERSION = YES;
				CLANG_WARN_COMMA = YES;
				CLANG_WARN_CONSTANT_CONVERSION = YES;
				CLANG_WARN_DEPRECATED_OBJC_IMPLEMENTATIONS = YES;
				CLANG_WARN_DIRECT_OBJC_ISA_USAGE = YES_ERROR;
				CLANG_WARN_DOCUMENTATION_COMMENTS = YES;
				CLANG_WARN_EMPTY_BODY = YES;
				CLANG_WARN_ENUM_CONVERSION = YES;
				CLANG_WARN_INFINITE_RECURSION = YES;
				CLANG_WARN_INT_CONVERSION = YES;
				CLANG_WARN_NON_LITERAL_NULL_CONVERSION = YES;
				CLANG_WARN_OBJC_IMPLICIT_RETAIN_SELF = YES;
				CLANG_WARN_OBJC_LITERAL_CONVERSION = YES;
				CLANG_WARN_OBJC_ROOT_CLASS = YES_ERROR;
				CLANG_WARN_QUOTED_INCLUDE_IN_FRAMEWORK_HEADER = YES;
				CLANG_WARN_RANGE_LOOP_ANALYSIS = YES;
				CLANG_WARN_STRICT_PROTOTYPES = YES;
				CLANG_WARN_SUSPICIOUS_MOVE = YES;
				CLANG_WARN_UNGUARDED_AVAILABILITY = YES_AGGRESSIVE;
				CLANG_WARN_UNREACHABLE_CODE = YES;
				CLANG_WARN__DUPLICATE_METHOD_MATCH = YES;
				COPY_PHASE_STRIP = NO;
				DEBUG_INFORMATION_FORMAT = dwarf;
				ENABLE_STRICT_OBJC_MSGSEND = YES;
				ENABLE_TESTABILITY = YES;
				GCC_C_LANGUAGE_STANDARD = gnu11;
				GCC_DYNAMIC_NO_PIC = NO;
				GCC_NO_COMMON_BLOCKS = YES;
				GCC_OPTIMIZATION_LEVEL = 0;
				GCC_PREPROCESSOR_DEFINITIONS = (
					"DEBUG=1",
					"$(inherited)",
				);
				GCC_WARN_64_TO_32_BIT_CONVERSION = YES;
				GCC_WARN_ABOUT_RETURN_TYPE = YES_ERROR;
				GCC_WARN_UNDECLARED_SELECTOR = YES;
				GCC_WARN_UNINITIALIZED_AUTOS = YES_AGGRESSIVE;
				GCC_WARN_UNUSED_FUNCTION = YES;
				GCC_WARN_UNUSED_VARIABLE = YES;
				IPHONEOS_DEPLOYMENT_TARGET = 16.2;
				MTL_ENABLE_DEBUG_INFO = INCLUDE_SOURCE;
				MTL_FAST_MATH = YES;
				ONLY_ACTIVE_ARCH = YES;
				SDKROOT = iphoneos;
				SWIFT_ACTIVE_COMPILATION_CONDITIONS = DEBUG;
				SWIFT_OPTIMIZATION_LEVEL = "-Onone";
			};
			name = SIMPSON;
		};
		80A71C632A390842004B0952 /* SIMPSON */ = {
			isa = XCBuildConfiguration;
			baseConfigurationReference = 15F23A0518D64B83AB56CE20 /* Pods-SimpsonCharacter.simpson.xcconfig */;
			buildSettings = {
				ASSETCATALOG_COMPILER_APPICON_NAME = AppIcon;
				ASSETCATALOG_COMPILER_GLOBAL_ACCENT_COLOR_NAME = AccentColor;
				CODE_SIGN_STYLE = Automatic;
				CURRENT_PROJECT_VERSION = 1;
				GENERATE_INFOPLIST_FILE = YES;
				INFOPLIST_FILE = CharactersApp/Info.plist;
				INFOPLIST_KEY_CFBundleDisplayName = Simpson;
				INFOPLIST_KEY_UIApplicationSupportsIndirectInputEvents = YES;
				INFOPLIST_KEY_UILaunchStoryboardName = LaunchScreen;
				INFOPLIST_KEY_UISupportedInterfaceOrientations_iPad = "UIInterfaceOrientationPortrait UIInterfaceOrientationPortraitUpsideDown UIInterfaceOrientationLandscapeLeft UIInterfaceOrientationLandscapeRight";
				INFOPLIST_KEY_UISupportedInterfaceOrientations_iPhone = "UIInterfaceOrientationPortrait UIInterfaceOrientationLandscapeLeft UIInterfaceOrientationLandscapeRight";
				LD_RUNPATH_SEARCH_PATHS = (
					"$(inherited)",
					"@executable_path/Frameworks",
				);
				MARKETING_VERSION = 1.0;
				OTHER_SWIFT_FLAGS = "$(inherited) -D SIMPSON";
				PRODUCT_BUNDLE_IDENTIFIER = com.sample.simpsonsviewer;
				PRODUCT_NAME = "$(TARGET_NAME)";
				SWIFT_EMIT_LOC_STRINGS = YES;
				SWIFT_VERSION = 5.0;
				TARGETED_DEVICE_FAMILY = "1,2";
			};
			name = SIMPSON;
		};
		80A71C642A390842004B0952 /* SIMPSON */ = {
			isa = XCBuildConfiguration;
			baseConfigurationReference = 4FA7EB49CE225AEA8EFAAA18 /* Pods-WireCharacter.simpson.xcconfig */;
			buildSettings = {
				ASSETCATALOG_COMPILER_APPICON_NAME = AppIcon;
				ASSETCATALOG_COMPILER_GLOBAL_ACCENT_COLOR_NAME = AccentColor;
				CODE_SIGN_STYLE = Automatic;
				CURRENT_PROJECT_VERSION = 1;
				GENERATE_INFOPLIST_FILE = YES;
				INFOPLIST_FILE = "CharactersApp copy-Info.plist";
				INFOPLIST_KEY_CFBundleDisplayName = WireCharacter;
				INFOPLIST_KEY_UIApplicationSupportsIndirectInputEvents = YES;
				INFOPLIST_KEY_UILaunchStoryboardName = LaunchScreen;
				INFOPLIST_KEY_UISupportedInterfaceOrientations_iPad = "UIInterfaceOrientationPortrait UIInterfaceOrientationPortraitUpsideDown UIInterfaceOrientationLandscapeLeft UIInterfaceOrientationLandscapeRight";
				INFOPLIST_KEY_UISupportedInterfaceOrientations_iPhone = "UIInterfaceOrientationPortrait UIInterfaceOrientationLandscapeLeft UIInterfaceOrientationLandscapeRight";
				LD_RUNPATH_SEARCH_PATHS = (
					"$(inherited)",
					"@executable_path/Frameworks",
				);
				MARKETING_VERSION = 1.0;
				OTHER_SWIFT_FLAGS = "$(inherited) -D WIRE";
				PRODUCT_BUNDLE_IDENTIFIER = com.sample.wireviewer;
				PRODUCT_NAME = "$(TARGET_NAME)";
				SWIFT_EMIT_LOC_STRINGS = YES;
				SWIFT_VERSION = 5.0;
				TARGETED_DEVICE_FAMILY = "1,2";
			};
			name = SIMPSON;
		};
		80A71C652A390857004B0952 /* WIRE */ = {
			isa = XCBuildConfiguration;
			buildSettings = {
				ALWAYS_SEARCH_USER_PATHS = NO;
				CLANG_ANALYZER_NONNULL = YES;
				CLANG_ANALYZER_NUMBER_OBJECT_CONVERSION = YES_AGGRESSIVE;
				CLANG_CXX_LANGUAGE_STANDARD = "gnu++20";
				CLANG_ENABLE_MODULES = YES;
				CLANG_ENABLE_OBJC_ARC = YES;
				CLANG_ENABLE_OBJC_WEAK = YES;
				CLANG_WARN_BLOCK_CAPTURE_AUTORELEASING = YES;
				CLANG_WARN_BOOL_CONVERSION = YES;
				CLANG_WARN_COMMA = YES;
				CLANG_WARN_CONSTANT_CONVERSION = YES;
				CLANG_WARN_DEPRECATED_OBJC_IMPLEMENTATIONS = YES;
				CLANG_WARN_DIRECT_OBJC_ISA_USAGE = YES_ERROR;
				CLANG_WARN_DOCUMENTATION_COMMENTS = YES;
				CLANG_WARN_EMPTY_BODY = YES;
				CLANG_WARN_ENUM_CONVERSION = YES;
				CLANG_WARN_INFINITE_RECURSION = YES;
				CLANG_WARN_INT_CONVERSION = YES;
				CLANG_WARN_NON_LITERAL_NULL_CONVERSION = YES;
				CLANG_WARN_OBJC_IMPLICIT_RETAIN_SELF = YES;
				CLANG_WARN_OBJC_LITERAL_CONVERSION = YES;
				CLANG_WARN_OBJC_ROOT_CLASS = YES_ERROR;
				CLANG_WARN_QUOTED_INCLUDE_IN_FRAMEWORK_HEADER = YES;
				CLANG_WARN_RANGE_LOOP_ANALYSIS = YES;
				CLANG_WARN_STRICT_PROTOTYPES = YES;
				CLANG_WARN_SUSPICIOUS_MOVE = YES;
				CLANG_WARN_UNGUARDED_AVAILABILITY = YES_AGGRESSIVE;
				CLANG_WARN_UNREACHABLE_CODE = YES;
				CLANG_WARN__DUPLICATE_METHOD_MATCH = YES;
				COPY_PHASE_STRIP = NO;
				DEBUG_INFORMATION_FORMAT = dwarf;
				ENABLE_STRICT_OBJC_MSGSEND = YES;
				ENABLE_TESTABILITY = YES;
				GCC_C_LANGUAGE_STANDARD = gnu11;
				GCC_DYNAMIC_NO_PIC = NO;
				GCC_NO_COMMON_BLOCKS = YES;
				GCC_OPTIMIZATION_LEVEL = 0;
				GCC_PREPROCESSOR_DEFINITIONS = (
					"DEBUG=1",
					"$(inherited)",
				);
				GCC_WARN_64_TO_32_BIT_CONVERSION = YES;
				GCC_WARN_ABOUT_RETURN_TYPE = YES_ERROR;
				GCC_WARN_UNDECLARED_SELECTOR = YES;
				GCC_WARN_UNINITIALIZED_AUTOS = YES_AGGRESSIVE;
				GCC_WARN_UNUSED_FUNCTION = YES;
				GCC_WARN_UNUSED_VARIABLE = YES;
				IPHONEOS_DEPLOYMENT_TARGET = 16.2;
				MTL_ENABLE_DEBUG_INFO = INCLUDE_SOURCE;
				MTL_FAST_MATH = YES;
				ONLY_ACTIVE_ARCH = YES;
				SDKROOT = iphoneos;
				SWIFT_ACTIVE_COMPILATION_CONDITIONS = DEBUG;
				SWIFT_OPTIMIZATION_LEVEL = "-Onone";
			};
			name = WIRE;
		};
		80A71C662A390857004B0952 /* WIRE */ = {
			isa = XCBuildConfiguration;
			baseConfigurationReference = F347B691F47C2B46EF0A51AE /* Pods-SimpsonCharacter.wire.xcconfig */;
			buildSettings = {
				ASSETCATALOG_COMPILER_APPICON_NAME = AppIcon;
				ASSETCATALOG_COMPILER_GLOBAL_ACCENT_COLOR_NAME = AccentColor;
				CODE_SIGN_STYLE = Automatic;
				CURRENT_PROJECT_VERSION = 1;
				GENERATE_INFOPLIST_FILE = YES;
				INFOPLIST_FILE = CharactersApp/Info.plist;
				INFOPLIST_KEY_CFBundleDisplayName = Simpson;
				INFOPLIST_KEY_UIApplicationSupportsIndirectInputEvents = YES;
				INFOPLIST_KEY_UILaunchStoryboardName = LaunchScreen;
				INFOPLIST_KEY_UISupportedInterfaceOrientations_iPad = "UIInterfaceOrientationPortrait UIInterfaceOrientationPortraitUpsideDown UIInterfaceOrientationLandscapeLeft UIInterfaceOrientationLandscapeRight";
				INFOPLIST_KEY_UISupportedInterfaceOrientations_iPhone = "UIInterfaceOrientationPortrait UIInterfaceOrientationLandscapeLeft UIInterfaceOrientationLandscapeRight";
				LD_RUNPATH_SEARCH_PATHS = (
					"$(inherited)",
					"@executable_path/Frameworks",
				);
				MARKETING_VERSION = 1.0;
				OTHER_SWIFT_FLAGS = "$(inherited) -D SIMPSON";
				PRODUCT_BUNDLE_IDENTIFIER = com.sample.simpsonsviewer;
				PRODUCT_NAME = "$(TARGET_NAME)";
				SWIFT_EMIT_LOC_STRINGS = YES;
				SWIFT_VERSION = 5.0;
				TARGETED_DEVICE_FAMILY = "1,2";
			};
			name = WIRE;
		};
		80A71C672A390857004B0952 /* WIRE */ = {
			isa = XCBuildConfiguration;
			baseConfigurationReference = 37E452C1CC42FB88E0388330 /* Pods-WireCharacter.wire.xcconfig */;
			buildSettings = {
				ASSETCATALOG_COMPILER_APPICON_NAME = AppIcon;
				ASSETCATALOG_COMPILER_GLOBAL_ACCENT_COLOR_NAME = AccentColor;
				CODE_SIGN_STYLE = Automatic;
				CURRENT_PROJECT_VERSION = 1;
				GENERATE_INFOPLIST_FILE = YES;
				INFOPLIST_FILE = "CharactersApp copy-Info.plist";
				INFOPLIST_KEY_CFBundleDisplayName = WireCharacter;
				INFOPLIST_KEY_UIApplicationSupportsIndirectInputEvents = YES;
				INFOPLIST_KEY_UILaunchStoryboardName = LaunchScreen;
				INFOPLIST_KEY_UISupportedInterfaceOrientations_iPad = "UIInterfaceOrientationPortrait UIInterfaceOrientationPortraitUpsideDown UIInterfaceOrientationLandscapeLeft UIInterfaceOrientationLandscapeRight";
				INFOPLIST_KEY_UISupportedInterfaceOrientations_iPhone = "UIInterfaceOrientationPortrait UIInterfaceOrientationLandscapeLeft UIInterfaceOrientationLandscapeRight";
				LD_RUNPATH_SEARCH_PATHS = (
					"$(inherited)",
					"@executable_path/Frameworks",
				);
				MARKETING_VERSION = 1.0;
				OTHER_SWIFT_FLAGS = "$(inherited) -D WIRE";
				PRODUCT_BUNDLE_IDENTIFIER = com.sample.wireviewer;
				PRODUCT_NAME = "$(TARGET_NAME)";
				SWIFT_EMIT_LOC_STRINGS = YES;
				SWIFT_VERSION = 5.0;
				TARGETED_DEVICE_FAMILY = "1,2";
			};
			name = WIRE;
		};
/* End XCBuildConfiguration section */

/* Begin XCConfigurationList section */
		80A71C082A38F601004B0952 /* Build configuration list for PBXProject "CharactersApp" */ = {
			isa = XCConfigurationList;
			buildConfigurations = (
				80A71C1F2A38F603004B0952 /* Debug */,
				80A71C622A390842004B0952 /* SIMPSON */,
				80A71C652A390857004B0952 /* WIRE */,
				80A71C202A38F603004B0952 /* Release */,
			);
			defaultConfigurationIsVisible = 0;
			defaultConfigurationName = Release;
		};
		80A71C212A38F603004B0952 /* Build configuration list for PBXNativeTarget "SimpsonCharacter" */ = {
			isa = XCConfigurationList;
			buildConfigurations = (
				80A71C222A38F603004B0952 /* Debug */,
				80A71C632A390842004B0952 /* SIMPSON */,
				80A71C662A390857004B0952 /* WIRE */,
				80A71C232A38F603004B0952 /* Release */,
			);
			defaultConfigurationIsVisible = 0;
			defaultConfigurationName = Release;
		};
		80A71C5D2A39078A004B0952 /* Build configuration list for PBXNativeTarget "WireCharacter" */ = {
			isa = XCConfigurationList;
			buildConfigurations = (
				80A71C5E2A39078A004B0952 /* Debug */,
				80A71C642A390842004B0952 /* SIMPSON */,
				80A71C672A390857004B0952 /* WIRE */,
				80A71C5F2A39078A004B0952 /* Release */,
			);
			defaultConfigurationIsVisible = 0;
			defaultConfigurationName = Release;
		};
/* End XCConfigurationList section */
	};
	rootObject = 80A71C052A38F601004B0952 /* Project object */;
}
